// !$*UTF8*$!
{
	archiveVersion = 1;
	classes = {
	};
	objectVersion = 50;
	objects = {

/* Begin PBXBuildFile section */
		22A1208E283FA8F3002EA23F /* AppDelegate.swift in Sources */ = {isa = PBXBuildFile; fileRef = 22A1208D283FA8F3002EA23F /* AppDelegate.swift */; };
		22A12090283FA8F3002EA23F /* SceneDelegate.swift in Sources */ = {isa = PBXBuildFile; fileRef = 22A1208F283FA8F3002EA23F /* SceneDelegate.swift */; };
		22A12092283FA8F3002EA23F /* ViewController.swift in Sources */ = {isa = PBXBuildFile; fileRef = 22A12091283FA8F3002EA23F /* ViewController.swift */; };
		22A12095283FA8F3002EA23F /* Main.storyboard in Resources */ = {isa = PBXBuildFile; fileRef = 22A12093283FA8F3002EA23F /* Main.storyboard */; };
		22A12097283FA8F4002EA23F /* Assets.xcassets in Resources */ = {isa = PBXBuildFile; fileRef = 22A12096283FA8F4002EA23F /* Assets.xcassets */; };
		22A1209A283FA8F4002EA23F /* LaunchScreen.storyboard in Resources */ = {isa = PBXBuildFile; fileRef = 22A12098283FA8F4002EA23F /* LaunchScreen.storyboard */; };
		22A120A3283FCC28002EA23F /* ImageCollectionViewCell.swift in Sources */ = {isa = PBXBuildFile; fileRef = 22A120A2283FCC28002EA23F /* ImageCollectionViewCell.swift */; };
		22A120A7283FE0AF002EA23F /* api_response.swift in Sources */ = {isa = PBXBuildFile; fileRef = 22A120A6283FE0AF002EA23F /* api_response.swift */; };
/* End PBXBuildFile section */

/* Begin PBXFileReference section */
		22A1208A283FA8F3002EA23F /* unsplash.app */ = {isa = PBXFileReference; explicitFileType = wrapper.application; includeInIndex = 0; path = unsplash.app; sourceTree = BUILT_PRODUCTS_DIR; };
		22A1208D283FA8F3002EA23F /* AppDelegate.swift */ = {isa = PBXFileReference; lastKnownFileType = sourcecode.swift; path = AppDelegate.swift; sourceTree = "<group>"; };
		22A1208F283FA8F3002EA23F /* SceneDelegate.swift */ = {isa = PBXFileReference; lastKnownFileType = sourcecode.swift; path = SceneDelegate.swift; sourceTree = "<group>"; };
		22A12091283FA8F3002EA23F /* ViewController.swift */ = {isa = PBXFileReference; lastKnownFileType = sourcecode.swift; path = ViewController.swift; sourceTree = "<group>"; };
		22A12094283FA8F3002EA23F /* Base */ = {isa = PBXFileReference; lastKnownFileType = file.storyboard; name = Base; path = Base.lproj/Main.storyboard; sourceTree = "<group>"; };
		22A12096283FA8F4002EA23F /* Assets.xcassets */ = {isa = PBXFileReference; lastKnownFileType = folder.assetcatalog; path = Assets.xcassets; sourceTree = "<group>"; };
		22A12099283FA8F4002EA23F /* Base */ = {isa = PBXFileReference; lastKnownFileType = file.storyboard; name = Base; path = Base.lproj/LaunchScreen.storyboard; sourceTree = "<group>"; };
		22A1209B283FA8F4002EA23F /* Info.plist */ = {isa = PBXFileReference; lastKnownFileType = text.plist.xml; path = Info.plist; sourceTree = "<group>"; };
		22A120A2283FCC28002EA23F /* ImageCollectionViewCell.swift */ = {isa = PBXFileReference; lastKnownFileType = sourcecode.swift; path = ImageCollectionViewCell.swift; sourceTree = "<group>"; };
		22A120A6283FE0AF002EA23F /* api_response.swift */ = {isa = PBXFileReference; lastKnownFileType = sourcecode.swift; path = api_response.swift; sourceTree = "<group>"; };
/* End PBXFileReference section */

/* Begin PBXFrameworksBuildPhase section */
		22A12087283FA8F3002EA23F /* Frameworks */ = {
			isa = PBXFrameworksBuildPhase;
			buildActionMask = 2147483647;
			files = (
			);
			runOnlyForDeploymentPostprocessing = 0;
		};
/* End PBXFrameworksBuildPhase section */

/* Begin PBXGroup section */
		22A12081283FA8F3002EA23F = {
			isa = PBXGroup;
			children = (
				22A1208C283FA8F3002EA23F /* unsplash */,
				22A1208B283FA8F3002EA23F /* Products */,
			);
			sourceTree = "<group>";
		};
		22A1208B283FA8F3002EA23F /* Products */ = {
			isa = PBXGroup;
			children = (
				22A1208A283FA8F3002EA23F /* unsplash.app */,
			);
			name = Products;
			sourceTree = "<group>";
		};
		22A1208C283FA8F3002EA23F /* unsplash */ = {
			isa = PBXGroup;
			children = (
				22A120AB283FE1DE002EA23F /* controllers */,
				22A120AA283FE1BD002EA23F /* cells */,
				22A120A5283FE05D002EA23F /* models */,
				22A1208D283FA8F3002EA23F /* AppDelegate.swift */,
				22A1208F283FA8F3002EA23F /* SceneDelegate.swift */,
				22A12093283FA8F3002EA23F /* Main.storyboard */,
				22A12096283FA8F4002EA23F /* Assets.xcassets */,
				22A12098283FA8F4002EA23F /* LaunchScreen.storyboard */,
				22A1209B283FA8F4002EA23F /* Info.plist */,
			);
			path = unsplash;
			sourceTree = "<group>";
		};
		22A120A5283FE05D002EA23F /* models */ = {
			isa = PBXGroup;
			children = (
				22A120A6283FE0AF002EA23F /* api_response.swift */,
			);
			path = models;
			sourceTree = "<group>";
		};
		22A120AA283FE1BD002EA23F /* cells */ = {
			isa = PBXGroup;
			children = (
				22A120A2283FCC28002EA23F /* ImageCollectionViewCell.swift */,
			);
			path = cells;
			sourceTree = "<group>";
		};
		22A120AB283FE1DE002EA23F /* controllers */ = {
			isa = PBXGroup;
			children = (
				22A12091283FA8F3002EA23F /* ViewController.swift */,
			);
			path = controllers;
			sourceTree = "<group>";
		};
/* End PBXGroup section */

/* Begin PBXNativeTarget section */
		22A12089283FA8F3002EA23F /* unsplash */ = {
			isa = PBXNativeTarget;
			buildConfigurationList = 22A1209E283FA8F4002EA23F /* Build configuration list for PBXNativeTarget "unsplash" */;
			buildPhases = (
				22A12086283FA8F3002EA23F /* Sources */,
				22A12087283FA8F3002EA23F /* Frameworks */,
				22A12088283FA8F3002EA23F /* Resources */,
			);
			buildRules = (
			);
			dependencies = (
			);
			name = unsplash;
			productName = unsplash;
			productReference = 22A1208A283FA8F3002EA23F /* unsplash.app */;
			productType = "com.apple.product-type.application";
		};
/* End PBXNativeTarget section */

/* Begin PBXProject section */
		22A12082283FA8F3002EA23F /* Project object */ = {
			isa = PBXProject;
			attributes = {
				LastSwiftUpdateCheck = 1240;
				LastUpgradeCheck = 1240;
				TargetAttributes = {
					22A12089283FA8F3002EA23F = {
						CreatedOnToolsVersion = 12.4;
					};
				};
			};
			buildConfigurationList = 22A12085283FA8F3002EA23F /* Build configuration list for PBXProject "unsplash" */;
			compatibilityVersion = "Xcode 9.3";
			developmentRegion = en;
			hasScannedForEncodings = 0;
			knownRegions = (
				en,
				Base,
			);
			mainGroup = 22A12081283FA8F3002EA23F;
			productRefGroup = 22A1208B283FA8F3002EA23F /* Products */;
			projectDirPath = "";
			projectRoot = "";
			targets = (
				22A12089283FA8F3002EA23F /* unsplash */,
			);
		};
/* End PBXProject section */

/* Begin PBXResourcesBuildPhase section */
		22A12088283FA8F3002EA23F /* Resources */ = {
			isa = PBXResourcesBuildPhase;
			buildActionMask = 2147483647;
			files = (
				22A1209A283FA8F4002EA23F /* LaunchScreen.storyboard in Resources */,
				22A12097283FA8F4002EA23F /* Assets.xcassets in Resources */,
				22A12095283FA8F3002EA23F /* Main.storyboard in Resources */,
			);
			runOnlyForDeploymentPostprocessing = 0;
		};
/* End PBXResourcesBuildPhase section */

/* Begin PBXSourcesBuildPhase section */
		22A12086283FA8F3002EA23F /* Sources */ = {
			isa = PBXSourcesBuildPhase;
			buildActionMask = 2147483647;
			files = (
				22A12092283FA8F3002EA23F /* ViewController.swift in Sources */,
				22A120A7283FE0AF002EA23F /* api_response.swift in Sources */,
				22A1208E283FA8F3002EA23F /* AppDelegate.swift in Sources */,
				22A120A3283FCC28002EA23F /* ImageCollectionViewCell.swift in Sources */,
				22A12090283FA8F3002EA23F /* SceneDelegate.swift in Sources */,
			);
			runOnlyForDeploymentPostprocessing = 0;
		};
/* End PBXSourcesBuildPhase section */

/* Begin PBXVariantGroup section */
		22A12093283FA8F3002EA23F /* Main.storyboard */ = {
			isa = PBXVariantGroup;
			children = (
				22A12094283FA8F3002EA23F /* Base */,
			);
			name = Main.storyboard;
			sourceTree = "<group>";
		};
		22A12098283FA8F4002EA23F /* LaunchScreen.storyboard */ = {
			isa = PBXVariantGroup;
			children = (
				22A12099283FA8F4002EA23F /* Base */,
			);
			name = LaunchScreen.storyboard;
			sourceTree = "<group>";
		};
/* End PBXVariantGroup section */

/* Begin XCBuildConfiguration section */
		22A1209C283FA8F4002EA23F /* Debug */ = {
			isa = XCBuildConfiguration;
			buildSettings = {
				ALWAYS_SEARCH_USER_PATHS = NO;
				CLANG_ANALYZER_NONNULL = YES;
				CLANG_ANALYZER_NUMBER_OBJECT_CONVERSION = YES_AGGRESSIVE;
				CLANG_CXX_LANGUAGE_STANDARD = "gnu++14";
				CLANG_CXX_LIBRARY = "libc++";
				CLANG_ENABLE_MODULES = YES;
				CLANG_ENABLE_OBJC_ARC = YES;
				CLANG_ENABLE_OBJC_WEAK = YES;
				CLANG_WARN_BLOCK_CAPTURE_AUTORELEASING = YES;
				CLANG_WARN_BOOL_CONVERSION = YES;
				CLANG_WARN_COMMA = YES;
				CLANG_WARN_CONSTANT_CONVERSION = YES;
				CLANG_WARN_DEPRECATED_OBJC_IMPLEMENTATIONS = YES;
				CLANG_WARN_DIRECT_OBJC_ISA_USAGE = YES_ERROR;
				CLANG_WARN_DOCUMENTATION_COMMENTS = YES;
				CLANG_WARN_EMPTY_BODY = YES;
				CLANG_WARN_ENUM_CONVERSION = YES;
				CLANG_WARN_INFINITE_RECURSION = YES;
				CLANG_WARN_INT_CONVERSION = YES;
				CLANG_WARN_NON_LITERAL_NULL_CONVERSION = YES;
				CLANG_WARN_OBJC_IMPLICIT_RETAIN_SELF = YES;
				CLANG_WARN_OBJC_LITERAL_CONVERSION = YES;
				CLANG_WARN_OBJC_ROOT_CLASS = YES_ERROR;
				CLANG_WARN_QUOTED_INCLUDE_IN_FRAMEWORK_HEADER = YES;
				CLANG_WARN_RANGE_LOOP_ANALYSIS = YES;
				CLANG_WARN_STRICT_PROTOTYPES = YES;
				CLANG_WARN_SUSPICIOUS_MOVE = YES;
				CLANG_WARN_UNGUARDED_AVAILABILITY = YES_AGGRESSIVE;
				CLANG_WARN_UNREACHABLE_CODE = YES;
				CLANG_WARN__DUPLICATE_METHOD_MATCH = YES;
				COPY_PHASE_STRIP = NO;
				DEBUG_INFORMATION_FORMAT = dwarf;
				ENABLE_STRICT_OBJC_MSGSEND = YES;
				ENABLE_TESTABILITY = YES;
				GCC_C_LANGUAGE_STANDARD = gnu11;
				GCC_DYNAMIC_NO_PIC = NO;
				GCC_NO_COMMON_BLOCKS = YES;
				GCC_OPTIMIZATION_LEVEL = 0;
				GCC_PREPROCESSOR_DEFINITIONS = (
					"DEBUG=1",
					"$(inherited)",
				);
				GCC_WARN_64_TO_32_BIT_CONVERSION = YES;
				GCC_WARN_ABOUT_RETURN_TYPE = YES_ERROR;
				GCC_WARN_UNDECLARED_SELECTOR = YES;
				GCC_WARN_UNINITIALIZED_AUTOS = YES_AGGRESSIVE;
				GCC_WARN_UNUSED_FUNCTION = YES;
				GCC_WARN_UNUSED_VARIABLE = YES;
				IPHONEOS_DEPLOYMENT_TARGET = 14.4;
				MTL_ENABLE_DEBUG_INFO = INCLUDE_SOURCE;
				MTL_FAST_MATH = YES;
				ONLY_ACTIVE_ARCH = YES;
				SDKROOT = iphoneos;
				SWIFT_ACTIVE_COMPILATION_CONDITIONS = DEBUG;
				SWIFT_OPTIMIZATION_LEVEL = "-Onone";
			};
			name = Debug;
		};
		22A1209D283FA8F4002EA23F /* Release */ = {
			isa = XCBuildConfiguration;
			buildSettings = {
				ALWAYS_SEARCH_USER_PATHS = NO;
				CLANG_ANALYZER_NONNULL = YES;
				CLANG_ANALYZER_NUMBER_OBJECT_CONVERSION = YES_AGGRESSIVE;
				CLANG_CXX_LANGUAGE_STANDARD = "gnu++14";
				CLANG_CXX_LIBRARY = "libc++";
				CLANG_ENABLE_MODULES = YES;
				CLANG_ENABLE_OBJC_ARC = YES;
				CLANG_ENABLE_OBJC_WEAK = YES;
				CLANG_WARN_BLOCK_CAPTURE_AUTORELEASING = YES;
				CLANG_WARN_BOOL_CONVERSION = YES;
				CLANG_WARN_COMMA = YES;
				CLANG_WARN_CONSTANT_CONVERSION = YES;
				CLANG_WARN_DEPRECATED_OBJC_IMPLEMENTATIONS = YES;
				CLANG_WARN_DIRECT_OBJC_ISA_USAGE = YES_ERROR;
				CLANG_WARN_DOCUMENTATION_COMMENTS = YES;
				CLANG_WARN_EMPTY_BODY = YES;
				CLANG_WARN_ENUM_CONVERSION = YES;
				CLANG_WARN_INFINITE_RECURSION = YES;
				CLANG_WARN_INT_CONVERSION = YES;
				CLANG_WARN_NON_LITERAL_NULL_CONVERSION = YES;
				CLANG_WARN_OBJC_IMPLICIT_RETAIN_SELF = YES;
				CLANG_WARN_OBJC_LITERAL_CONVERSION = YES;
				CLANG_WARN_OBJC_ROOT_CLASS = YES_ERROR;
				CLANG_WARN_QUOTED_INCLUDE_IN_FRAMEWORK_HEADER = YES;
				CLANG_WARN_RANGE_LOOP_ANALYSIS = YES;
				CLANG_WARN_STRICT_PROTOTYPES = YES;
				CLANG_WARN_SUSPICIOUS_MOVE = YES;
				CLANG_WARN_UNGUARDED_AVAILABILITY = YES_AGGRESSIVE;
				CLANG_WARN_UNREACHABLE_CODE = YES;
				CLANG_WARN__DUPLICATE_METHOD_MATCH = YES;
				COPY_PHASE_STRIP = NO;
				DEBUG_INFORMATION_FORMAT = "dwarf-with-dsym";
				ENABLE_NS_ASSERTIONS = NO;
				ENABLE_STRICT_OBJC_MSGSEND = YES;
				GCC_C_LANGUAGE_STANDARD = gnu11;
				GCC_NO_COMMON_BLOCKS = YES;
				GCC_WARN_64_TO_32_BIT_CONVERSION = YES;
				GCC_WARN_ABOUT_RETURN_TYPE = YES_ERROR;
				GCC_WARN_UNDECLARED_SELECTOR = YES;
				GCC_WARN_UNINITIALIZED_AUTOS = YES_AGGRESSIVE;
				GCC_WARN_UNUSED_FUNCTION = YES;
				GCC_WARN_UNUSED_VARIABLE = YES;
				IPHONEOS_DEPLOYMENT_TARGET = 14.4;
				MTL_ENABLE_DEBUG_INFO = NO;
				MTL_FAST_MATH = YES;
				SDKROOT = iphoneos;
				SWIFT_COMPILATION_MODE = wholemodule;
				SWIFT_OPTIMIZATION_LEVEL = "-O";
				VALIDATE_PRODUCT = YES;
			};
			name = Release;
		};
		22A1209F283FA8F4002EA23F /* Debug */ = {
			isa = XCBuildConfiguration;
			buildSettings = {
				ASSETCATALOG_COMPILER_APPICON_NAME = AppIcon;
				ASSETCATALOG_COMPILER_GLOBAL_ACCENT_COLOR_NAME = AccentColor;
				CODE_SIGN_STYLE = Automatic;
				INFOPLIST_FILE = unsplash/Info.plist;
				LD_RUNPATH_SEARCH_PATHS = (
					"$(inherited)",
					"@executable_path/Frameworks",
				);
				PRODUCT_BUNDLE_IDENTIFIER = com.test.unsplash.unsplash;
				PRODUCT_NAME = "$(TARGET_NAME)";
				SWIFT_VERSION = 5.0;
				TARGETED_DEVICE_FAMILY = "1,2";
			};
			name = Debug;
		};
		22A120A0283FA8F4002EA23F /* Release */ = {
			isa = XCBuildConfiguration;
			buildSettings = {
				ASSETCATALOG_COMPILER_APPICON_NAME = AppIcon;
				ASSETCATALOG_COMPILER_GLOBAL_ACCENT_COLOR_NAME = AccentColor;
				CODE_SIGN_STYLE = Automatic;
				INFOPLIST_FILE = unsplash/Info.plist;
				LD_RUNPATH_SEARCH_PATHS = (
					"$(inherited)",
					"@executable_path/Frameworks",
				);
				PRODUCT_BUNDLE_IDENTIFIER = com.test.unsplash.unsplash;
				PRODUCT_NAME = "$(TARGET_NAME)";
				SWIFT_VERSION = 5.0;
				TARGETED_DEVICE_FAMILY = "1,2";
			};
			name = Release;
		};
/* End XCBuildConfiguration section */

/* Begin XCConfigurationList section */
		22A12085283FA8F3002EA23F /* Build configuration list for PBXProject "unsplash" */ = {
			isa = XCConfigurationList;
			buildConfigurations = (
				22A1209C283FA8F4002EA23F /* Debug */,
				22A1209D283FA8F4002EA23F /* Release */,
			);
			defaultConfigurationIsVisible = 0;
			defaultConfigurationName = Release;
		};
		22A1209E283FA8F4002EA23F /* Build configuration list for PBXNativeTarget "unsplash" */ = {
			isa = XCConfigurationList;
			buildConfigurations = (
				22A1209F283FA8F4002EA23F /* Debug */,
				22A120A0283FA8F4002EA23F /* Release */,
			);
			defaultConfigurationIsVisible = 0;
			defaultConfigurationName = Release;
		};
/* End XCConfigurationList section */
	};
	rootObject = 22A12082283FA8F3002EA23F /* Project object */;
}
